{
  "version": 4,
  "terraform_version": "1.5.7",
  "serial": 14,
  "lineage": "9dcfa81e-02e2-8539-4444-2461e8820d26",
  "outputs": {},
  "resources": [
    {
      "mode": "managed",
      "type": "local_file",
      "name": "for_each_loop",
      "provider": "provider[\"registry.terraform.io/hashicorp/local\"]",
      "instances": [
        {
          "index_key": "blue",
          "schema_version": 0,
          "attributes": {
            "content": "blue",
            "content_base64": null,
            "content_base64sha256": "Fkd2iMDgBpnGz6RJejYS1+g8UyBitkslD+2JCBKO1Ug=",
            "content_base64sha512": "1gd6GfU41TMbqW8ZpZDPDuXzmsLXQvvzqHGvXyVAQLwP45seBZnApzyv3WaW5Hhpp/TeHlxtAroT53/5UZYu7w==",
            "content_md5": "48d6215903dff56238e52e8891380c8f",
            "content_sha1": "4c9a82ce72ca2519f38d0af0abbb4cecb9fceca9",
            "content_sha256": "16477688c0e00699c6cfa4497a3612d7e83c532062b64b250fed8908128ed548",
            "content_sha512": "d6077a19f538d5331ba96f19a590cf0ee5f39ac2d742fbf3a871af5f254040bc0fe39b1e0599c0a73cafdd6696e47869a7f4de1e5c6d02ba13e77ff951962eef",
            "directory_permission": "0777",
            "file_permission": "0777",
            "filename": "./blue.count",
            "id": "4c9a82ce72ca2519f38d0af0abbb4cecb9fceca9",
            "sensitive_content": null,
            "source": null
          },
          "sensitive_attributes": []
        },
        {
          "index_key": "green",
          "schema_version": 0,
          "attributes": {
            "content": "green",
            "content_base64": null,
            "content_base64sha256": "ukeIsiaqjcLm3HQki7n2GM+oyVngwmwUe+SPaDmgsIg=",
            "content_base64sha512": "0hYa4xk4ee3Zyovrt1tAVvJ1pNrPpPQsR3jQY+EUnz4OQXbkLu/OVz0adD6Jz16EjqCdWTs61P5B5eeeqXBHMw==",
            "content_md5": "9f27410725ab8cc8854a2769c7a516b8",
            "content_sha1": "bc74f4f071a5a33f00ab88a6d6385b5e6638b86c",
            "content_sha256": "ba4788b226aa8dc2e6dc74248bb9f618cfa8c959e0c26c147be48f6839a0b088",
            "content_sha512": "d2161ae3193879edd9ca8bebb75b4056f275a4dacfa4f42c4778d063e1149f3e0e4176e42eefce573d1a743e89cf5e848ea09d593b3ad4fe41e5e79ea9704733",
            "directory_permission": "0777",
            "file_permission": "0777",
            "filename": "./green.count",
            "id": "bc74f4f071a5a33f00ab88a6d6385b5e6638b86c",
            "sensitive_content": null,
            "source": null
          },
          "sensitive_attributes": []
        },
        {
          "index_key": "red",
          "schema_version": 0,
          "attributes": {
            "content": "red",
            "content_base64": null,
            "content_base64sha256": "sfUaUR8doM00i4+FmNsy5hy5Y+X8aeK0FIW/mVkO11o=",
            "content_base64sha512": "vMdXQBSEtcc7WYqKaDYL1BKunKksqSwX2mf5pZLIm0SjcvtOLwMCuXlbRK1PZ3qtjDFzXz9zzrDgQkOj0UrGqQ==",
            "content_md5": "bda9643ac6601722a28f238714274da4",
            "content_sha1": "78988010b890ce6f4d2136481f392787ec6d6106",
            "content_sha256": "b1f51a511f1da0cd348b8f8598db32e61cb963e5fc69e2b41485bf99590ed75a",
            "content_sha512": "bcc757401484b5c73b598a8a68360bd412ae9ca92ca92c17da67f9a592c89b44a372fb4e2f0302b9795b44ad4f677aad8c31735f3f73ceb0e04243a3d14ac6a9",
            "directory_permission": "0777",
            "file_permission": "0777",
            "filename": "./red.count",
            "id": "78988010b890ce6f4d2136481f392787ec6d6106",
            "sensitive_content": null,
            "source": null
          },
          "sensitive_attributes": []
        },
        {
          "index_key": "yellow",
          "schema_version": 0,
          "attributes": {
            "content": "yellow",
            "content_base64": null,
            "content_base64sha256": "xoWiybqyNczdKrDqkigaUhyKrzeJVJPQgAcOoA/H9dc=",
            "content_base64sha512": "tiMScevqH7YESPx7tsU2Gd3OGg43v0VZGYhgyqHZsAhxc4l11C2/osXTtl9aWOU1WBO/1FW3ouQANYtI9aLZmA==",
            "content_md5": "d487dd0b55dfcacdd920ccbdaeafa351",
            "content_sha1": "96de5543d183d7de52ac5fa21c46fc811f673f89",
            "content_sha256": "c685a2c9bab235ccdd2ab0ea92281a521c8aaf37895493d080070ea00fc7f5d7",
            "content_sha512": "b6231271ebea1fb60448fc7bb6c53619ddce1a0e37bf4559198860caa1d9b00871738975d42dbfa2c5d3b65f5a58e5355813bfd455b7a2e400358b48f5a2d998",
            "directory_permission": "0777",
            "file_permission": "0777",
            "filename": "./yellow.count",
            "id": "96de5543d183d7de52ac5fa21c46fc811f673f89",
            "sensitive_content": null,
            "source": null
          },
          "sensitive_attributes": []
        }
      ]
    }
  ],
  "check_results": null
}
